
Microsoft Visual Studio Solution File, Format Version 12.00
# Visual Studio Version 17
VisualStudioVersion = 17.8.34408.163
MinimumVisualStudioVersion = 10.0.40219.1
Project("{FAE04EC0-301F-11D3-BF4B-00C04F79EFBC}") = "ConsoleApp1", "ConsoleApp1\ConsoleApp1.csproj", "{B4E2DF97-D4DB-417F-9068-2ED0F520E42C}"
EndProject
Global
	GlobalSection(SolutionConfigurationPlatforms) = preSolution
		Debug|Any CPU = Debug|Any CPU
		Release|Any CPU = Release|Any CPU
	EndGlobalSection
	GlobalSection(ProjectConfigurationPlatforms) = postSolution
		{B4E2DF97-D4DB-417F-9068-2ED0F520E42C}.Debug|Any CPU.ActiveCfg = Debug|Any CPU
		{B4E2DF97-D4DB-417F-9068-2ED0F520E42C}.Debug|Any CPU.Build.0 = Debug|Any CPU
		{B4E2DF97-D4DB-417F-9068-2ED0F520E42C}.Release|Any CPU.ActiveCfg = Release|Any CPU
		{B4E2DF97-D4DB-417F-9068-2ED0F520E42C}.Release|Any CPU.Build.0 = Release|Any CPU
	EndGlobalSection
	GlobalSection(SolutionProperties) = preSolution
		HideSolutionNode = FALSE
	EndGlobalSection
	GlobalSection(ExtensibilityGlobals) = postSolution
		SolutionGuid = {FD3419C3-A8F8-4981-A6DB-42250AD58E4A}
	EndGlobalSection
EndGlobal
